
Microsoft Visual Studio Solution File, Format Version 12.00
# Visual Studio Version 17
VisualStudioVersion = 17.0.31903.59
MinimumVisualStudioVersion = 10.0.40219.1
Project("{9A19103F-16F7-4668-BE54-9A1E7A4F7556}") = "Day1.Task1", "src\day1\task1\Day1.Task1.csproj", "{D700863B-797B-46F7-AB38-44153F758940}"
EndProject
Project("{FAE04EC0-301F-11D3-BF4B-00C04F79EFBC}") = "Day1.Task2", "src\day1\task2\Day1.Task2.csproj", "{1C45E50E-A7A8-43DE-BB38-4645A7A838D4}"
EndProject
Project("{FAE04EC0-301F-11D3-BF4B-00C04F79EFBC}") = "Day2.Task1", "src\day2\task1\Day2.Task1.csproj", "{5F1F12D1-017F-44EC-8F16-A0F50B1A4EEA}"
EndProject
Project("{FAE04EC0-301F-11D3-BF4B-00C04F79EFBC}") = "Day2.Task2", "src\day2\task2\Day2.Task2.csproj", "{D55068D2-4228-4699-A955-D01AAA894113}"
EndProject
Project("{FAE04EC0-301F-11D3-BF4B-00C04F79EFBC}") = "Day3.Task1", "src\day3\task1\Day3.Task1.csproj", "{B902D345-593A-4A5E-B51E-B0D1ED5D969F}"
EndProject
Project("{FAE04EC0-301F-11D3-BF4B-00C04F79EFBC}") = "Day3.Task2", "src\day3\task2\Day3.Task2.csproj", "{B8C213D7-7C81-44A6-9C30-191DBAD18B48}"
EndProject
Global
	GlobalSection(SolutionConfigurationPlatforms) = preSolution
		Debug|Any CPU = Debug|Any CPU
		Release|Any CPU = Release|Any CPU
	EndGlobalSection
	GlobalSection(ProjectConfigurationPlatforms) = postSolution
		{D700863B-797B-46F7-AB38-44153F758940}.Debug|Any CPU.ActiveCfg = Debug|Any CPU
		{D700863B-797B-46F7-AB38-44153F758940}.Debug|Any CPU.Build.0 = Debug|Any CPU
		{D700863B-797B-46F7-AB38-44153F758940}.Release|Any CPU.ActiveCfg = Release|Any CPU
		{D700863B-797B-46F7-AB38-44153F758940}.Release|Any CPU.Build.0 = Release|Any CPU
		{1C45E50E-A7A8-43DE-BB38-4645A7A838D4}.Debug|Any CPU.ActiveCfg = Debug|Any CPU
		{1C45E50E-A7A8-43DE-BB38-4645A7A838D4}.Debug|Any CPU.Build.0 = Debug|Any CPU
		{1C45E50E-A7A8-43DE-BB38-4645A7A838D4}.Release|Any CPU.ActiveCfg = Release|Any CPU
		{1C45E50E-A7A8-43DE-BB38-4645A7A838D4}.Release|Any CPU.Build.0 = Release|Any CPU
		{5F1F12D1-017F-44EC-8F16-A0F50B1A4EEA}.Debug|Any CPU.ActiveCfg = Debug|Any CPU
		{5F1F12D1-017F-44EC-8F16-A0F50B1A4EEA}.Debug|Any CPU.Build.0 = Debug|Any CPU
		{5F1F12D1-017F-44EC-8F16-A0F50B1A4EEA}.Release|Any CPU.ActiveCfg = Release|Any CPU
		{5F1F12D1-017F-44EC-8F16-A0F50B1A4EEA}.Release|Any CPU.Build.0 = Release|Any CPU
		{D55068D2-4228-4699-A955-D01AAA894113}.Debug|Any CPU.ActiveCfg = Debug|Any CPU
		{D55068D2-4228-4699-A955-D01AAA894113}.Debug|Any CPU.Build.0 = Debug|Any CPU
		{D55068D2-4228-4699-A955-D01AAA894113}.Release|Any CPU.ActiveCfg = Release|Any CPU
		{D55068D2-4228-4699-A955-D01AAA894113}.Release|Any CPU.Build.0 = Release|Any CPU
		{B902D345-593A-4A5E-B51E-B0D1ED5D969F}.Debug|Any CPU.ActiveCfg = Debug|Any CPU
		{B902D345-593A-4A5E-B51E-B0D1ED5D969F}.Debug|Any CPU.Build.0 = Debug|Any CPU
		{B902D345-593A-4A5E-B51E-B0D1ED5D969F}.Release|Any CPU.ActiveCfg = Release|Any CPU
		{B902D345-593A-4A5E-B51E-B0D1ED5D969F}.Release|Any CPU.Build.0 = Release|Any CPU
		{B8C213D7-7C81-44A6-9C30-191DBAD18B48}.Debug|Any CPU.ActiveCfg = Debug|Any CPU
		{B8C213D7-7C81-44A6-9C30-191DBAD18B48}.Debug|Any CPU.Build.0 = Debug|Any CPU
		{B8C213D7-7C81-44A6-9C30-191DBAD18B48}.Release|Any CPU.ActiveCfg = Release|Any CPU
		{B8C213D7-7C81-44A6-9C30-191DBAD18B48}.Release|Any CPU.Build.0 = Release|Any CPU
	EndGlobalSection
	GlobalSection(SolutionProperties) = preSolution
		HideSolutionNode = FALSE
	EndGlobalSection
EndGlobal
