
Microsoft Visual Studio Solution File, Format Version 12.00
# Visual Studio Version 17
VisualStudioVersion = 17.0.31903.59
MinimumVisualStudioVersion = 10.0.40219.1
Project("{9A19103F-16F7-4668-BE54-9A1E7A4F7556}") = "Day1.Task1", "src\day1\task1\Day1.Task1.csproj", "{D700863B-797B-46F7-AB38-44153F758940}"
EndProject
Project("{FAE04EC0-301F-11D3-BF4B-00C04F79EFBC}") = "Day1.Task2", "src\day1\task2\Day1.Task2.csproj", "{1C45E50E-A7A8-43DE-BB38-4645A7A838D4}"
EndProject
Global
	GlobalSection(SolutionConfigurationPlatforms) = preSolution
		Debug|Any CPU = Debug|Any CPU
		Release|Any CPU = Release|Any CPU
	EndGlobalSection
	GlobalSection(ProjectConfigurationPlatforms) = postSolution
		{D700863B-797B-46F7-AB38-44153F758940}.Debug|Any CPU.ActiveCfg = Debug|Any CPU
		{D700863B-797B-46F7-AB38-44153F758940}.Debug|Any CPU.Build.0 = Debug|Any CPU
		{D700863B-797B-46F7-AB38-44153F758940}.Release|Any CPU.ActiveCfg = Release|Any CPU
		{D700863B-797B-46F7-AB38-44153F758940}.Release|Any CPU.Build.0 = Release|Any CPU
		{1C45E50E-A7A8-43DE-BB38-4645A7A838D4}.Debug|Any CPU.ActiveCfg = Debug|Any CPU
		{1C45E50E-A7A8-43DE-BB38-4645A7A838D4}.Debug|Any CPU.Build.0 = Debug|Any CPU
		{1C45E50E-A7A8-43DE-BB38-4645A7A838D4}.Release|Any CPU.ActiveCfg = Release|Any CPU
		{1C45E50E-A7A8-43DE-BB38-4645A7A838D4}.Release|Any CPU.Build.0 = Release|Any CPU
	EndGlobalSection
	GlobalSection(SolutionProperties) = preSolution
		HideSolutionNode = FALSE
	EndGlobalSection
EndGlobal
